
Microsoft Visual Studio Solution File, Format Version 12.00
# Visual Studio 14
VisualStudioVersion = 14.0.23107.0
MinimumVisualStudioVersion = 10.0.40219.1
Project("{FAE04EC0-301F-11D3-BF4B-00C04F79EFBC}") = "Thinning Tool", "Thinning Tool\Thinning Tool.csproj", "{3C0FB488-F69F-4E3A-BAC9-C6D31D94CDEF}"
EndProject
Global
	GlobalSection(SolutionConfigurationPlatforms) = preSolution
		Debug|Any CPU = Debug|Any CPU
		Release|Any CPU = Release|Any CPU
	EndGlobalSection
	GlobalSection(ProjectConfigurationPlatforms) = postSolution
		{3C0FB488-F69F-4E3A-BAC9-C6D31D94CDEF}.Debug|Any CPU.ActiveCfg = Debug|Any CPU
		{3C0FB488-F69F-4E3A-BAC9-C6D31D94CDEF}.Debug|Any CPU.Build.0 = Debug|Any CPU
		{3C0FB488-F69F-4E3A-BAC9-C6D31D94CDEF}.Release|Any CPU.ActiveCfg = Release|Any CPU
		{3C0FB488-F69F-4E3A-BAC9-C6D31D94CDEF}.Release|Any CPU.Build.0 = Release|Any CPU
	EndGlobalSection
	GlobalSection(SolutionProperties) = preSolution
		HideSolutionNode = FALSE
	EndGlobalSection
EndGlobal
